
Microsoft Visual Studio Solution File, Format Version 12.00
# Visual Studio Version 16
VisualStudioVersion = 16.0.33927.289
MinimumVisualStudioVersion = 10.0.40219.1
Project("{FAE04EC0-301F-11D3-BF4B-00C04F79EFBC}") = "Remotingserver", "Remotingserver\Remotingserver.csproj", "{C23597A5-A0ED-40D2-880F-CEA4184499CF}"
EndProject
Global
	GlobalSection(SolutionConfigurationPlatforms) = preSolution
		Debug|Any CPU = Debug|Any CPU
		Release|Any CPU = Release|Any CPU
	EndGlobalSection
	GlobalSection(ProjectConfigurationPlatforms) = postSolution
		{C23597A5-A0ED-40D2-880F-CEA4184499CF}.Debug|Any CPU.ActiveCfg = Debug|Any CPU
		{C23597A5-A0ED-40D2-880F-CEA4184499CF}.Debug|Any CPU.Build.0 = Debug|Any CPU
		{C23597A5-A0ED-40D2-880F-CEA4184499CF}.Release|Any CPU.ActiveCfg = Release|Any CPU
		{C23597A5-A0ED-40D2-880F-CEA4184499CF}.Release|Any CPU.Build.0 = Release|Any CPU
	EndGlobalSection
	GlobalSection(SolutionProperties) = preSolution
		HideSolutionNode = FALSE
	EndGlobalSection
	GlobalSection(ExtensibilityGlobals) = postSolution
		SolutionGuid = {D2BD15DE-40CB-4F33-AD13-A85D335DD930}
	EndGlobalSection
EndGlobal
