
Microsoft Visual Studio Solution File, Format Version 12.00
# Visual Studio Version 16
VisualStudioVersion = 16.0.33927.289
MinimumVisualStudioVersion = 10.0.40219.1
Project("{FAE04EC0-301F-11D3-BF4B-00C04F79EFBC}") = "Assignment5", "Assignment5\Assignment5.csproj", "{B3B7BB18-9CA1-430C-A71A-92A69CA13E6D}"
EndProject
Global
	GlobalSection(SolutionConfigurationPlatforms) = preSolution
		Debug|Any CPU = Debug|Any CPU
		Release|Any CPU = Release|Any CPU
	EndGlobalSection
	GlobalSection(ProjectConfigurationPlatforms) = postSolution
		{B3B7BB18-9CA1-430C-A71A-92A69CA13E6D}.Debug|Any CPU.ActiveCfg = Debug|Any CPU
		{B3B7BB18-9CA1-430C-A71A-92A69CA13E6D}.Debug|Any CPU.Build.0 = Debug|Any CPU
		{B3B7BB18-9CA1-430C-A71A-92A69CA13E6D}.Release|Any CPU.ActiveCfg = Release|Any CPU
		{B3B7BB18-9CA1-430C-A71A-92A69CA13E6D}.Release|Any CPU.Build.0 = Release|Any CPU
	EndGlobalSection
	GlobalSection(SolutionProperties) = preSolution
		HideSolutionNode = FALSE
	EndGlobalSection
	GlobalSection(ExtensibilityGlobals) = postSolution
		SolutionGuid = {889B52C0-9721-4FB9-80A1-962B72C3CFB6}
	EndGlobalSection
EndGlobal
